
Microsoft Visual Studio Solution File, Format Version 12.00
# Visual Studio 15
Project("{FAE04EC0-301F-11D3-BF4B-00C04F79EFBC}") = "MultiLayerExample", "MultiLayerExample.csproj", "{0A975FF7-4CCD-4EDE-9DB5-F287889E3246}"
EndProject
Global
	GlobalSection(SolutionConfigurationPlatforms) = preSolution
		Debug|Any CPU = Debug|Any CPU
		Release|Any CPU = Release|Any CPU
	EndGlobalSection
	GlobalSection(ProjectConfigurationPlatforms) = postSolution
		{0A975FF7-4CCD-4EDE-9DB5-F287889E3246}.Debug|Any CPU.ActiveCfg = Debug|Any CPU
		{0A975FF7-4CCD-4EDE-9DB5-F287889E3246}.Debug|Any CPU.Build.0 = Debug|Any CPU
		{0A975FF7-4CCD-4EDE-9DB5-F287889E3246}.Release|Any CPU.ActiveCfg = Release|Any CPU
		{0A975FF7-4CCD-4EDE-9DB5-F287889E3246}.Release|Any CPU.Build.0 = Release|Any CPU
	EndGlobalSection
EndGlobal
